
Microsoft Visual Studio Solution File, Format Version 12.00
# Visual Studio Version 16
VisualStudioVersion = 16.0.30011.22
MinimumVisualStudioVersion = 10.0.40219.1
Project("{FAE04EC0-301F-11D3-BF4B-00C04F79EFBC}") = "AccessPatternCSharp", "AccessPatternCSharp\AccessPatternCSharp.csproj", "{24F61AA8-A5B4-4588-B5A9-3688991CC1DD}"
EndProject
Global
	GlobalSection(SolutionConfigurationPlatforms) = preSolution
		Debug|Any CPU = Debug|Any CPU
		Release|Any CPU = Release|Any CPU
	EndGlobalSection
	GlobalSection(ProjectConfigurationPlatforms) = postSolution
		{24F61AA8-A5B4-4588-B5A9-3688991CC1DD}.Debug|Any CPU.ActiveCfg = Debug|Any CPU
		{24F61AA8-A5B4-4588-B5A9-3688991CC1DD}.Debug|Any CPU.Build.0 = Debug|Any CPU
		{24F61AA8-A5B4-4588-B5A9-3688991CC1DD}.Release|Any CPU.ActiveCfg = Release|Any CPU
		{24F61AA8-A5B4-4588-B5A9-3688991CC1DD}.Release|Any CPU.Build.0 = Release|Any CPU
	EndGlobalSection
	GlobalSection(SolutionProperties) = preSolution
		HideSolutionNode = FALSE
	EndGlobalSection
	GlobalSection(ExtensibilityGlobals) = postSolution
		SolutionGuid = {6FA62915-DD72-4E16-A82A-ED6EEDC6E40F}
	EndGlobalSection
EndGlobal
